// !$*UTF8*$!
{
	archiveVersion = 1;
	classes = {
	};
	objectVersion = 46;
	objects = {

/* Begin PBXBuildFile section */
		017364141E35C29200EDC0DE /* AppDelegate.swift in Sources */ = {isa = PBXBuildFile; fileRef = 017364131E35C29200EDC0DE /* AppDelegate.swift */; };
		017364161E35C29200EDC0DE /* ViewController.swift in Sources */ = {isa = PBXBuildFile; fileRef = 017364151E35C29200EDC0DE /* ViewController.swift */; };
		017364191E35C29200EDC0DE /* Main.storyboard in Resources */ = {isa = PBXBuildFile; fileRef = 017364171E35C29200EDC0DE /* Main.storyboard */; };
		0173641B1E35C29200EDC0DE /* Assets.xcassets in Resources */ = {isa = PBXBuildFile; fileRef = 0173641A1E35C29200EDC0DE /* Assets.xcassets */; };
		0173641E1E35C29200EDC0DE /* LaunchScreen.storyboard in Resources */ = {isa = PBXBuildFile; fileRef = 0173641C1E35C29200EDC0DE /* LaunchScreen.storyboard */; };
		017364291E35C29200EDC0DE /* Pawsome_Dog_Emotion_ReaderTests.swift in Sources */ = {isa = PBXBuildFile; fileRef = 017364281E35C29200EDC0DE /* Pawsome_Dog_Emotion_ReaderTests.swift */; };
		017364341E35C29200EDC0DE /* Pawsome_Dog_Emotion_ReaderUITests.swift in Sources */ = {isa = PBXBuildFile; fileRef = 017364331E35C29200EDC0DE /* Pawsome_Dog_Emotion_ReaderUITests.swift */; };
/* End PBXBuildFile section */

/* Begin PBXContainerItemProxy section */
		017364251E35C29200EDC0DE /* PBXContainerItemProxy */ = {
			isa = PBXContainerItemProxy;
			containerPortal = 017364081E35C29200EDC0DE /* Project object */;
			proxyType = 1;
			remoteGlobalIDString = 0173640F1E35C29200EDC0DE;
			remoteInfo = "Pawsome Dog Emotion Reader";
		};
		017364301E35C29200EDC0DE /* PBXContainerItemProxy */ = {
			isa = PBXContainerItemProxy;
			containerPortal = 017364081E35C29200EDC0DE /* Project object */;
			proxyType = 1;
			remoteGlobalIDString = 0173640F1E35C29200EDC0DE;
			remoteInfo = "Pawsome Dog Emotion Reader";
		};
/* End PBXContainerItemProxy section */

/* Begin PBXFileReference section */
		017364101E35C29200EDC0DE /* Pawsome Dog Emotion Reader.app */ = {isa = PBXFileReference; explicitFileType = wrapper.application; includeInIndex = 0; path = "Pawsome Dog Emotion Reader.app"; sourceTree = BUILT_PRODUCTS_DIR; };
		017364131E35C29200EDC0DE /* AppDelegate.swift */ = {isa = PBXFileReference; lastKnownFileType = sourcecode.swift; path = AppDelegate.swift; sourceTree = "<group>"; };
		017364151E35C29200EDC0DE /* ViewController.swift */ = {isa = PBXFileReference; lastKnownFileType = sourcecode.swift; path = ViewController.swift; sourceTree = "<group>"; };
		017364181E35C29200EDC0DE /* Base */ = {isa = PBXFileReference; lastKnownFileType = file.storyboard; name = Base; path = Base.lproj/Main.storyboard; sourceTree = "<group>"; };
		0173641A1E35C29200EDC0DE /* Assets.xcassets */ = {isa = PBXFileReference; lastKnownFileType = folder.assetcatalog; path = Assets.xcassets; sourceTree = "<group>"; };
		0173641D1E35C29200EDC0DE /* Base */ = {isa = PBXFileReference; lastKnownFileType = file.storyboard; name = Base; path = Base.lproj/LaunchScreen.storyboard; sourceTree = "<group>"; };
		0173641F1E35C29200EDC0DE /* Info.plist */ = {isa = PBXFileReference; lastKnownFileType = text.plist.xml; path = Info.plist; sourceTree = "<group>"; };
		017364241E35C29200EDC0DE /* Pawsome Dog Emotion ReaderTests.xctest */ = {isa = PBXFileReference; explicitFileType = wrapper.cfbundle; includeInIndex = 0; path = "Pawsome Dog Emotion ReaderTests.xctest"; sourceTree = BUILT_PRODUCTS_DIR; };
		017364281E35C29200EDC0DE /* Pawsome_Dog_Emotion_ReaderTests.swift */ = {isa = PBXFileReference; lastKnownFileType = sourcecode.swift; path = Pawsome_Dog_Emotion_ReaderTests.swift; sourceTree = "<group>"; };
		0173642A1E35C29200EDC0DE /* Info.plist */ = {isa = PBXFileReference; lastKnownFileType = text.plist.xml; path = Info.plist; sourceTree = "<group>"; };
		0173642F1E35C29200EDC0DE /* Pawsome Dog Emotion ReaderUITests.xctest */ = {isa = PBXFileReference; explicitFileType = wrapper.cfbundle; includeInIndex = 0; path = "Pawsome Dog Emotion ReaderUITests.xctest"; sourceTree = BUILT_PRODUCTS_DIR; };
		017364331E35C29200EDC0DE /* Pawsome_Dog_Emotion_ReaderUITests.swift */ = {isa = PBXFileReference; lastKnownFileType = sourcecode.swift; path = Pawsome_Dog_Emotion_ReaderUITests.swift; sourceTree = "<group>"; };
		017364351E35C29200EDC0DE /* Info.plist */ = {isa = PBXFileReference; lastKnownFileType = text.plist.xml; path = Info.plist; sourceTree = "<group>"; };
/* End PBXFileReference section */

/* Begin PBXFrameworksBuildPhase section */
		0173640D1E35C29200EDC0DE /* Frameworks */ = {
			isa = PBXFrameworksBuildPhase;
			buildActionMask = 2147483647;
			files = (
			);
			runOnlyForDeploymentPostprocessing = 0;
		};
		017364211E35C29200EDC0DE /* Frameworks */ = {
			isa = PBXFrameworksBuildPhase;
			buildActionMask = 2147483647;
			files = (
			);
			runOnlyForDeploymentPostprocessing = 0;
		};
		0173642C1E35C29200EDC0DE /* Frameworks */ = {
			isa = PBXFrameworksBuildPhase;
			buildActionMask = 2147483647;
			files = (
			);
			runOnlyForDeploymentPostprocessing = 0;
		};
/* End PBXFrameworksBuildPhase section */

/* Begin PBXGroup section */
		017364071E35C29200EDC0DE = {
			isa = PBXGroup;
			children = (
				017364121E35C29200EDC0DE /* Pawsome Dog Emotion Reader */,
				017364271E35C29200EDC0DE /* Pawsome Dog Emotion ReaderTests */,
				017364321E35C29200EDC0DE /* Pawsome Dog Emotion ReaderUITests */,
				017364111E35C29200EDC0DE /* Products */,
			);
			sourceTree = "<group>";
		};
		017364111E35C29200EDC0DE /* Products */ = {
			isa = PBXGroup;
			children = (
				017364101E35C29200EDC0DE /* Pawsome Dog Emotion Reader.app */,
				017364241E35C29200EDC0DE /* Pawsome Dog Emotion ReaderTests.xctest */,
				0173642F1E35C29200EDC0DE /* Pawsome Dog Emotion ReaderUITests.xctest */,
			);
			name = Products;
			sourceTree = "<group>";
		};
		017364121E35C29200EDC0DE /* Pawsome Dog Emotion Reader */ = {
			isa = PBXGroup;
			children = (
				017364131E35C29200EDC0DE /* AppDelegate.swift */,
				017364151E35C29200EDC0DE /* ViewController.swift */,
				017364171E35C29200EDC0DE /* Main.storyboard */,
				0173641A1E35C29200EDC0DE /* Assets.xcassets */,
				0173641C1E35C29200EDC0DE /* LaunchScreen.storyboard */,
				0173641F1E35C29200EDC0DE /* Info.plist */,
			);
			path = "Pawsome Dog Emotion Reader";
			sourceTree = "<group>";
		};
		017364271E35C29200EDC0DE /* Pawsome Dog Emotion ReaderTests */ = {
			isa = PBXGroup;
			children = (
				017364281E35C29200EDC0DE /* Pawsome_Dog_Emotion_ReaderTests.swift */,
				0173642A1E35C29200EDC0DE /* Info.plist */,
			);
			path = "Pawsome Dog Emotion ReaderTests";
			sourceTree = "<group>";
		};
		017364321E35C29200EDC0DE /* Pawsome Dog Emotion ReaderUITests */ = {
			isa = PBXGroup;
			children = (
				017364331E35C29200EDC0DE /* Pawsome_Dog_Emotion_ReaderUITests.swift */,
				017364351E35C29200EDC0DE /* Info.plist */,
			);
			path = "Pawsome Dog Emotion ReaderUITests";
			sourceTree = "<group>";
		};
/* End PBXGroup section */

/* Begin PBXNativeTarget section */
		0173640F1E35C29200EDC0DE /* Pawsome Dog Emotion Reader */ = {
			isa = PBXNativeTarget;
			buildConfigurationList = 017364381E35C29200EDC0DE /* Build configuration list for PBXNativeTarget "Pawsome Dog Emotion Reader" */;
			buildPhases = (
				0173640C1E35C29200EDC0DE /* Sources */,
				0173640D1E35C29200EDC0DE /* Frameworks */,
				0173640E1E35C29200EDC0DE /* Resources */,
			);
			buildRules = (
			);
			dependencies = (
			);
			name = "Pawsome Dog Emotion Reader";
			productName = "Pawsome Dog Emotion Reader";
			productReference = 017364101E35C29200EDC0DE /* Pawsome Dog Emotion Reader.app */;
			productType = "com.apple.product-type.application";
		};
		017364231E35C29200EDC0DE /* Pawsome Dog Emotion ReaderTests */ = {
			isa = PBXNativeTarget;
			buildConfigurationList = 0173643B1E35C29200EDC0DE /* Build configuration list for PBXNativeTarget "Pawsome Dog Emotion ReaderTests" */;
			buildPhases = (
				017364201E35C29200EDC0DE /* Sources */,
				017364211E35C29200EDC0DE /* Frameworks */,
				017364221E35C29200EDC0DE /* Resources */,
			);
			buildRules = (
			);
			dependencies = (
				017364261E35C29200EDC0DE /* PBXTargetDependency */,
			);
			name = "Pawsome Dog Emotion ReaderTests";
			productName = "Pawsome Dog Emotion ReaderTests";
			productReference = 017364241E35C29200EDC0DE /* Pawsome Dog Emotion ReaderTests.xctest */;
			productType = "com.apple.product-type.bundle.unit-test";
		};
		0173642E1E35C29200EDC0DE /* Pawsome Dog Emotion ReaderUITests */ = {
			isa = PBXNativeTarget;
			buildConfigurationList = 0173643E1E35C29200EDC0DE /* Build configuration list for PBXNativeTarget "Pawsome Dog Emotion ReaderUITests" */;
			buildPhases = (
				0173642B1E35C29200EDC0DE /* Sources */,
				0173642C1E35C29200EDC0DE /* Frameworks */,
				0173642D1E35C29200EDC0DE /* Resources */,
			);
			buildRules = (
			);
			dependencies = (
				017364311E35C29200EDC0DE /* PBXTargetDependency */,
			);
			name = "Pawsome Dog Emotion ReaderUITests";
			productName = "Pawsome Dog Emotion ReaderUITests";
			productReference = 0173642F1E35C29200EDC0DE /* Pawsome Dog Emotion ReaderUITests.xctest */;
			productType = "com.apple.product-type.bundle.ui-testing";
		};
/* End PBXNativeTarget section */

/* Begin PBXProject section */
		017364081E35C29200EDC0DE /* Project object */ = {
			isa = PBXProject;
			attributes = {
				LastSwiftUpdateCheck = 0820;
				LastUpgradeCheck = 0820;
				ORGANIZATIONNAME = "Team 153";
				TargetAttributes = {
					0173640F1E35C29200EDC0DE = {
						CreatedOnToolsVersion = 8.2.1;
						DevelopmentTeam = FK6Y8298L3;
						ProvisioningStyle = Automatic;
					};
					017364231E35C29200EDC0DE = {
						CreatedOnToolsVersion = 8.2.1;
						DevelopmentTeam = FK6Y8298L3;
						ProvisioningStyle = Automatic;
						TestTargetID = 0173640F1E35C29200EDC0DE;
					};
					0173642E1E35C29200EDC0DE = {
						CreatedOnToolsVersion = 8.2.1;
						DevelopmentTeam = FK6Y8298L3;
						ProvisioningStyle = Automatic;
						TestTargetID = 0173640F1E35C29200EDC0DE;
					};
				};
			};
			buildConfigurationList = 0173640B1E35C29200EDC0DE /* Build configuration list for PBXProject "Pawsome Dog Emotion Reader" */;
			compatibilityVersion = "Xcode 3.2";
			developmentRegion = English;
			hasScannedForEncodings = 0;
			knownRegions = (
				en,
				Base,
			);
			mainGroup = 017364071E35C29200EDC0DE;
			productRefGroup = 017364111E35C29200EDC0DE /* Products */;
			projectDirPath = "";
			projectRoot = "";
			targets = (
				0173640F1E35C29200EDC0DE /* Pawsome Dog Emotion Reader */,
				017364231E35C29200EDC0DE /* Pawsome Dog Emotion ReaderTests */,
				0173642E1E35C29200EDC0DE /* Pawsome Dog Emotion ReaderUITests */,
			);
		};
/* End PBXProject section */

/* Begin PBXResourcesBuildPhase section */
		0173640E1E35C29200EDC0DE /* Resources */ = {
			isa = PBXResourcesBuildPhase;
			buildActionMask = 2147483647;
			files = (
				0173641E1E35C29200EDC0DE /* LaunchScreen.storyboard in Resources */,
				0173641B1E35C29200EDC0DE /* Assets.xcassets in Resources */,
				017364191E35C29200EDC0DE /* Main.storyboard in Resources */,
			);
			runOnlyForDeploymentPostprocessing = 0;
		};
		017364221E35C29200EDC0DE /* Resources */ = {
			isa = PBXResourcesBuildPhase;
			buildActionMask = 2147483647;
			files = (
			);
			runOnlyForDeploymentPostprocessing = 0;
		};
		0173642D1E35C29200EDC0DE /* Resources */ = {
			isa = PBXResourcesBuildPhase;
			buildActionMask = 2147483647;
			files = (
			);
			runOnlyForDeploymentPostprocessing = 0;
		};
/* End PBXResourcesBuildPhase section */

/* Begin PBXSourcesBuildPhase section */
		0173640C1E35C29200EDC0DE /* Sources */ = {
			isa = PBXSourcesBuildPhase;
			buildActionMask = 2147483647;
			files = (
				017364161E35C29200EDC0DE /* ViewController.swift in Sources */,
				017364141E35C29200EDC0DE /* AppDelegate.swift in Sources */,
			);
			runOnlyForDeploymentPostprocessing = 0;
		};
		017364201E35C29200EDC0DE /* Sources */ = {
			isa = PBXSourcesBuildPhase;
			buildActionMask = 2147483647;
			files = (
				017364291E35C29200EDC0DE /* Pawsome_Dog_Emotion_ReaderTests.swift in Sources */,
			);
			runOnlyForDeploymentPostprocessing = 0;
		};
		0173642B1E35C29200EDC0DE /* Sources */ = {
			isa = PBXSourcesBuildPhase;
			buildActionMask = 2147483647;
			files = (
				017364341E35C29200EDC0DE /* Pawsome_Dog_Emotion_ReaderUITests.swift in Sources */,
			);
			runOnlyForDeploymentPostprocessing = 0;
		};
/* End PBXSourcesBuildPhase section */

/* Begin PBXTargetDependency section */
		017364261E35C29200EDC0DE /* PBXTargetDependency */ = {
			isa = PBXTargetDependency;
			target = 0173640F1E35C29200EDC0DE /* Pawsome Dog Emotion Reader */;
			targetProxy = 017364251E35C29200EDC0DE /* PBXContainerItemProxy */;
		};
		017364311E35C29200EDC0DE /* PBXTargetDependency */ = {
			isa = PBXTargetDependency;
			target = 0173640F1E35C29200EDC0DE /* Pawsome Dog Emotion Reader */;
			targetProxy = 017364301E35C29200EDC0DE /* PBXContainerItemProxy */;
		};
/* End PBXTargetDependency section */

/* Begin PBXVariantGroup section */
		017364171E35C29200EDC0DE /* Main.storyboard */ = {
			isa = PBXVariantGroup;
			children = (
				017364181E35C29200EDC0DE /* Base */,
			);
			name = Main.storyboard;
			sourceTree = "<group>";
		};
		0173641C1E35C29200EDC0DE /* LaunchScreen.storyboard */ = {
			isa = PBXVariantGroup;
			children = (
				0173641D1E35C29200EDC0DE /* Base */,
			);
			name = LaunchScreen.storyboard;
			sourceTree = "<group>";
		};
/* End PBXVariantGroup section */

/* Begin XCBuildConfiguration section */
		017364361E35C29200EDC0DE /* Debug */ = {
			isa = XCBuildConfiguration;
			buildSettings = {
				ALWAYS_SEARCH_USER_PATHS = NO;
				CLANG_ANALYZER_NONNULL = YES;
				CLANG_CXX_LANGUAGE_STANDARD = "gnu++0x";
				CLANG_CXX_LIBRARY = "libc++";
				CLANG_ENABLE_MODULES = YES;
				CLANG_ENABLE_OBJC_ARC = YES;
				CLANG_WARN_BOOL_CONVERSION = YES;
				CLANG_WARN_CONSTANT_CONVERSION = YES;
				CLANG_WARN_DIRECT_OBJC_ISA_USAGE = YES_ERROR;
				CLANG_WARN_DOCUMENTATION_COMMENTS = YES;
				CLANG_WARN_EMPTY_BODY = YES;
				CLANG_WARN_ENUM_CONVERSION = YES;
				CLANG_WARN_INFINITE_RECURSION = YES;
				CLANG_WARN_INT_CONVERSION = YES;
				CLANG_WARN_OBJC_ROOT_CLASS = YES_ERROR;
				CLANG_WARN_SUSPICIOUS_MOVE = YES;
				CLANG_WARN_UNREACHABLE_CODE = YES;
				CLANG_WARN__DUPLICATE_METHOD_MATCH = YES;
				"CODE_SIGN_IDENTITY[sdk=iphoneos*]" = "iPhone Developer";
				COPY_PHASE_STRIP = NO;
				DEBUG_INFORMATION_FORMAT = dwarf;
				ENABLE_STRICT_OBJC_MSGSEND = YES;
				ENABLE_TESTABILITY = YES;
				GCC_C_LANGUAGE_STANDARD = gnu99;
				GCC_DYNAMIC_NO_PIC = NO;
				GCC_NO_COMMON_BLOCKS = YES;
				GCC_OPTIMIZATION_LEVEL = 0;
				GCC_PREPROCESSOR_DEFINITIONS = (
					"DEBUG=1",
					"$(inherited)",
				);
				GCC_WARN_64_TO_32_BIT_CONVERSION = YES;
				GCC_WARN_ABOUT_RETURN_TYPE = YES_ERROR;
				GCC_WARN_UNDECLARED_SELECTOR = YES;
				GCC_WARN_UNINITIALIZED_AUTOS = YES_AGGRESSIVE;
				GCC_WARN_UNUSED_FUNCTION = YES;
				GCC_WARN_UNUSED_VARIABLE = YES;
				IPHONEOS_DEPLOYMENT_TARGET = 10.2;
				MTL_ENABLE_DEBUG_INFO = YES;
				ONLY_ACTIVE_ARCH = YES;
				SDKROOT = iphoneos;
				SWIFT_ACTIVE_COMPILATION_CONDITIONS = DEBUG;
				SWIFT_OPTIMIZATION_LEVEL = "-Onone";
				TARGETED_DEVICE_FAMILY = "1,2";
			};
			name = Debug;
		};
		017364371E35C29200EDC0DE /* Release */ = {
			isa = XCBuildConfiguration;
			buildSettings = {
				ALWAYS_SEARCH_USER_PATHS = NO;
				CLANG_ANALYZER_NONNULL = YES;
				CLANG_CXX_LANGUAGE_STANDARD = "gnu++0x";
				CLANG_CXX_LIBRARY = "libc++";
				CLANG_ENABLE_MODULES = YES;
				CLANG_ENABLE_OBJC_ARC = YES;
				CLANG_WARN_BOOL_CONVERSION = YES;
				CLANG_WARN_CONSTANT_CONVERSION = YES;
				CLANG_WARN_DIRECT_OBJC_ISA_USAGE = YES_ERROR;
				CLANG_WARN_DOCUMENTATION_COMMENTS = YES;
				CLANG_WARN_EMPTY_BODY = YES;
				CLANG_WARN_ENUM_CONVERSION = YES;
				CLANG_WARN_INFINITE_RECURSION = YES;
				CLANG_WARN_INT_CONVERSION = YES;
				CLANG_WARN_OBJC_ROOT_CLASS = YES_ERROR;
				CLANG_WARN_SUSPICIOUS_MOVE = YES;
				CLANG_WARN_UNREACHABLE_CODE = YES;
				CLANG_WARN__DUPLICATE_METHOD_MATCH = YES;
				"CODE_SIGN_IDENTITY[sdk=iphoneos*]" = "iPhone Developer";
				COPY_PHASE_STRIP = NO;
				DEBUG_INFORMATION_FORMAT = "dwarf-with-dsym";
				ENABLE_NS_ASSERTIONS = NO;
				ENABLE_STRICT_OBJC_MSGSEND = YES;
				GCC_C_LANGUAGE_STANDARD = gnu99;
				GCC_NO_COMMON_BLOCKS = YES;
				GCC_WARN_64_TO_32_BIT_CONVERSION = YES;
				GCC_WARN_ABOUT_RETURN_TYPE = YES_ERROR;
				GCC_WARN_UNDECLARED_SELECTOR = YES;
				GCC_WARN_UNINITIALIZED_AUTOS = YES_AGGRESSIVE;
				GCC_WARN_UNUSED_FUNCTION = YES;
				GCC_WARN_UNUSED_VARIABLE = YES;
				IPHONEOS_DEPLOYMENT_TARGET = 10.2;
				MTL_ENABLE_DEBUG_INFO = NO;
				SDKROOT = iphoneos;
				SWIFT_OPTIMIZATION_LEVEL = "-Owholemodule";
				TARGETED_DEVICE_FAMILY = "1,2";
				VALIDATE_PRODUCT = YES;
			};
			name = Release;
		};
		017364391E35C29200EDC0DE /* Debug */ = {
			isa = XCBuildConfiguration;
			buildSettings = {
				ASSETCATALOG_COMPILER_APPICON_NAME = AppIcon;
				DEVELOPMENT_TEAM = FK6Y8298L3;
				INFOPLIST_FILE = "Pawsome Dog Emotion Reader/Info.plist";
				LD_RUNPATH_SEARCH_PATHS = "$(inherited) @executable_path/Frameworks";
				PRODUCT_BUNDLE_IDENTIFIER = "com.example.Pawsome-Dog-Emotion-Reader";
				PRODUCT_NAME = "$(TARGET_NAME)";
				SWIFT_VERSION = 3.0;
			};
			name = Debug;
		};
		0173643A1E35C29200EDC0DE /* Release */ = {
			isa = XCBuildConfiguration;
			buildSettings = {
				ASSETCATALOG_COMPILER_APPICON_NAME = AppIcon;
				DEVELOPMENT_TEAM = FK6Y8298L3;
				INFOPLIST_FILE = "Pawsome Dog Emotion Reader/Info.plist";
				LD_RUNPATH_SEARCH_PATHS = "$(inherited) @executable_path/Frameworks";
				PRODUCT_BUNDLE_IDENTIFIER = "com.example.Pawsome-Dog-Emotion-Reader";
				PRODUCT_NAME = "$(TARGET_NAME)";
				SWIFT_VERSION = 3.0;
			};
			name = Release;
		};
		0173643C1E35C29200EDC0DE /* Debug */ = {
			isa = XCBuildConfiguration;
			buildSettings = {
				ALWAYS_EMBED_SWIFT_STANDARD_LIBRARIES = YES;
				BUNDLE_LOADER = "$(TEST_HOST)";
				DEVELOPMENT_TEAM = FK6Y8298L3;
				INFOPLIST_FILE = "Pawsome Dog Emotion ReaderTests/Info.plist";
				LD_RUNPATH_SEARCH_PATHS = "$(inherited) @executable_path/Frameworks @loader_path/Frameworks";
				PRODUCT_BUNDLE_IDENTIFIER = "com.example.Pawsome-Dog-Emotion-ReaderTests";
				PRODUCT_NAME = "$(TARGET_NAME)";
				SWIFT_VERSION = 3.0;
				TEST_HOST = "$(BUILT_PRODUCTS_DIR)/Pawsome Dog Emotion Reader.app/Pawsome Dog Emotion Reader";
			};
			name = Debug;
		};
		0173643D1E35C29200EDC0DE /* Release */ = {
			isa = XCBuildConfiguration;
			buildSettings = {
				ALWAYS_EMBED_SWIFT_STANDARD_LIBRARIES = YES;
				BUNDLE_LOADER = "$(TEST_HOST)";
				DEVELOPMENT_TEAM = FK6Y8298L3;
				INFOPLIST_FILE = "Pawsome Dog Emotion ReaderTests/Info.plist";
				LD_RUNPATH_SEARCH_PATHS = "$(inherited) @executable_path/Frameworks @loader_path/Frameworks";
				PRODUCT_BUNDLE_IDENTIFIER = "com.example.Pawsome-Dog-Emotion-ReaderTests";
				PRODUCT_NAME = "$(TARGET_NAME)";
				SWIFT_VERSION = 3.0;
				TEST_HOST = "$(BUILT_PRODUCTS_DIR)/Pawsome Dog Emotion Reader.app/Pawsome Dog Emotion Reader";
			};
			name = Release;
		};
		0173643F1E35C29200EDC0DE /* Debug */ = {
			isa = XCBuildConfiguration;
			buildSettings = {
				ALWAYS_EMBED_SWIFT_STANDARD_LIBRARIES = YES;
				DEVELOPMENT_TEAM = FK6Y8298L3;
				INFOPLIST_FILE = "Pawsome Dog Emotion ReaderUITests/Info.plist";
				LD_RUNPATH_SEARCH_PATHS = "$(inherited) @executable_path/Frameworks @loader_path/Frameworks";
				PRODUCT_BUNDLE_IDENTIFIER = "com.example.Pawsome-Dog-Emotion-ReaderUITests";
				PRODUCT_NAME = "$(TARGET_NAME)";
				SWIFT_VERSION = 3.0;
				TEST_TARGET_NAME = "Pawsome Dog Emotion Reader";
			};
			name = Debug;
		};
		017364401E35C29200EDC0DE /* Release */ = {
			isa = XCBuildConfiguration;
			buildSettings = {
				ALWAYS_EMBED_SWIFT_STANDARD_LIBRARIES = YES;
				DEVELOPMENT_TEAM = FK6Y8298L3;
				INFOPLIST_FILE = "Pawsome Dog Emotion ReaderUITests/Info.plist";
				LD_RUNPATH_SEARCH_PATHS = "$(inherited) @executable_path/Frameworks @loader_path/Frameworks";
				PRODUCT_BUNDLE_IDENTIFIER = "com.example.Pawsome-Dog-Emotion-ReaderUITests";
				PRODUCT_NAME = "$(TARGET_NAME)";
				SWIFT_VERSION = 3.0;
				TEST_TARGET_NAME = "Pawsome Dog Emotion Reader";
			};
			name = Release;
		};
/* End XCBuildConfiguration section */

/* Begin XCConfigurationList section */
		0173640B1E35C29200EDC0DE /* Build configuration list for PBXProject "Pawsome Dog Emotion Reader" */ = {
			isa = XCConfigurationList;
			buildConfigurations = (
				017364361E35C29200EDC0DE /* Debug */,
				017364371E35C29200EDC0DE /* Release */,
			);
			defaultConfigurationIsVisible = 0;
			defaultConfigurationName = Release;
		};
		017364381E35C29200EDC0DE /* Build configuration list for PBXNativeTarget "Pawsome Dog Emotion Reader" */ = {
			isa = XCConfigurationList;
			buildConfigurations = (
				017364391E35C29200EDC0DE /* Debug */,
				0173643A1E35C29200EDC0DE /* Release */,
			);
			defaultConfigurationIsVisible = 0;
		};
		0173643B1E35C29200EDC0DE /* Build configuration list for PBXNativeTarget "Pawsome Dog Emotion ReaderTests" */ = {
			isa = XCConfigurationList;
			buildConfigurations = (
				0173643C1E35C29200EDC0DE /* Debug */,
				0173643D1E35C29200EDC0DE /* Release */,
			);
			defaultConfigurationIsVisible = 0;
		};
		0173643E1E35C29200EDC0DE /* Build configuration list for PBXNativeTarget "Pawsome Dog Emotion ReaderUITests" */ = {
			isa = XCConfigurationList;
			buildConfigurations = (
				0173643F1E35C29200EDC0DE /* Debug */,
				017364401E35C29200EDC0DE /* Release */,
			);
			defaultConfigurationIsVisible = 0;
		};
/* End XCConfigurationList section */
	};
	rootObject = 017364081E35C29200EDC0DE /* Project object */;
}
